// !$*UTF8*$!
{
	archiveVersion = 1;
	classes = {
	};
	objectVersion = 50;
	objects = {

/* Begin PBXBuildFile section */
		EF32AD4120F4F06C004EEB34 /* AppDelegate.swift in Sources */ = {isa = PBXBuildFile; fileRef = EF32AD4020F4F06C004EEB34 /* AppDelegate.swift */; };
		EF32AD4320F4F06C004EEB34 /* SearchViewController.swift in Sources */ = {isa = PBXBuildFile; fileRef = EF32AD4220F4F06C004EEB34 /* SearchViewController.swift */; };
		EF32AD4620F4F06C004EEB34 /* Main.storyboard in Resources */ = {isa = PBXBuildFile; fileRef = EF32AD4420F4F06C004EEB34 /* Main.storyboard */; };
		EF32AD4920F4F06C004EEB34 /* ProjectX.xcdatamodeld in Sources */ = {isa = PBXBuildFile; fileRef = EF32AD4720F4F06C004EEB34 /* ProjectX.xcdatamodeld */; };
		EF32AD4B20F4F06F004EEB34 /* Assets.xcassets in Resources */ = {isa = PBXBuildFile; fileRef = EF32AD4A20F4F06F004EEB34 /* Assets.xcassets */; };
		EF32AD4E20F4F06F004EEB34 /* LaunchScreen.storyboard in Resources */ = {isa = PBXBuildFile; fileRef = EF32AD4C20F4F06F004EEB34 /* LaunchScreen.storyboard */; };
		EF32AD6A20F4F80F004EEB34 /* ProjectXCore.h in Headers */ = {isa = PBXBuildFile; fileRef = EF32AD6820F4F80F004EEB34 /* ProjectXCore.h */; settings = {ATTRIBUTES = (Public, ); }; };
		EF32AD6D20F4F80F004EEB34 /* ProjectXCore.framework in Frameworks */ = {isa = PBXBuildFile; fileRef = EF32AD6620F4F80F004EEB34 /* ProjectXCore.framework */; };
		EF32AD6E20F4F80F004EEB34 /* ProjectXCore.framework in Embed Frameworks */ = {isa = PBXBuildFile; fileRef = EF32AD6620F4F80F004EEB34 /* ProjectXCore.framework */; settings = {ATTRIBUTES = (CodeSignOnCopy, RemoveHeadersOnCopy, ); }; };
		EF32AD7320F4F851004EEB34 /* Alamofire.framework in Frameworks */ = {isa = PBXBuildFile; fileRef = EF32AD5820F4F75E004EEB34 /* Alamofire.framework */; };
		EF32AD7420F4F851004EEB34 /* PromiseKit.framework in Frameworks */ = {isa = PBXBuildFile; fileRef = EF32AD5720F4F75E004EEB34 /* PromiseKit.framework */; };
		EF32AD7520F4F86C004EEB34 /* Alamofire.framework in Frameworks */ = {isa = PBXBuildFile; fileRef = EF32AD5820F4F75E004EEB34 /* Alamofire.framework */; };
		EF32AD7620F4F86C004EEB34 /* Alamofire.framework in Embed Frameworks */ = {isa = PBXBuildFile; fileRef = EF32AD5820F4F75E004EEB34 /* Alamofire.framework */; settings = {ATTRIBUTES = (CodeSignOnCopy, RemoveHeadersOnCopy, ); }; };
		EF32AD7720F4F86C004EEB34 /* PromiseKit.framework in Frameworks */ = {isa = PBXBuildFile; fileRef = EF32AD5720F4F75E004EEB34 /* PromiseKit.framework */; };
		EF32AD7820F4F86C004EEB34 /* PromiseKit.framework in Embed Frameworks */ = {isa = PBXBuildFile; fileRef = EF32AD5720F4F75E004EEB34 /* PromiseKit.framework */; settings = {ATTRIBUTES = (CodeSignOnCopy, RemoveHeadersOnCopy, ); }; };
		EF32AD7A20F4F8D7004EEB34 /* RandomAPI.swift in Sources */ = {isa = PBXBuildFile; fileRef = EF32AD7920F4F8D7004EEB34 /* RandomAPI.swift */; };
		EF32AD7C20F4FD0E004EEB34 /* ContentType.swift in Sources */ = {isa = PBXBuildFile; fileRef = EF32AD7B20F4FD0E004EEB34 /* ContentType.swift */; };
		EF32AD7E20F4FD19004EEB34 /* HTTPHeaderField.swift in Sources */ = {isa = PBXBuildFile; fileRef = EF32AD7D20F4FD19004EEB34 /* HTTPHeaderField.swift */; };
		EF32AD8220F4FEDF004EEB34 /* Routable.swift in Sources */ = {isa = PBXBuildFile; fileRef = EF32AD8120F4FEDF004EEB34 /* Routable.swift */; };
		EF32AD8C20F4FFE9004EEB34 /* User.swift in Sources */ = {isa = PBXBuildFile; fileRef = EF32AD8B20F4FFE9004EEB34 /* User.swift */; };
		EF32AD8E20F51357004EEB34 /* Gender.swift in Sources */ = {isa = PBXBuildFile; fileRef = EF32AD8D20F51357004EEB34 /* Gender.swift */; };
		EF32AD9020F5135E004EEB34 /* Address.swift in Sources */ = {isa = PBXBuildFile; fileRef = EF32AD8F20F5135E004EEB34 /* Address.swift */; };
		EF32AD9220F51364004EEB34 /* Picture.swift in Sources */ = {isa = PBXBuildFile; fileRef = EF32AD9120F51364004EEB34 /* Picture.swift */; };
		EF32AD9420F51494004EEB34 /* UserGetter.swift in Sources */ = {isa = PBXBuildFile; fileRef = EF32AD9320F51494004EEB34 /* UserGetter.swift */; };
		EF32AD9720F51505004EEB34 /* UserGetterInteractor.swift in Sources */ = {isa = PBXBuildFile; fileRef = EF32AD9620F51505004EEB34 /* UserGetterInteractor.swift */; };
		EF32AD9A20F5160C004EEB34 /* Alamofire+Promise.swift in Sources */ = {isa = PBXBuildFile; fileRef = EF32AD9920F5160C004EEB34 /* Alamofire+Promise.swift */; };
		EF32AD9D20F7A776004EEB34 /* HomeTabBarViewController.swift in Sources */ = {isa = PBXBuildFile; fileRef = EF32AD9C20F7A776004EEB34 /* HomeTabBarViewController.swift */; };
		EF32AD9F20F7CD58004EEB34 /* CustomTabBar.xib in Resources */ = {isa = PBXBuildFile; fileRef = EF32AD9E20F7CD58004EEB34 /* CustomTabBar.xib */; };
		EF32ADA120F7D2C9004EEB34 /* CustomTabBar.swift in Sources */ = {isa = PBXBuildFile; fileRef = EF32ADA020F7D2C9004EEB34 /* CustomTabBar.swift */; };
		EF3ABF23211C83E6007594E7 /* List.storyboard in Resources */ = {isa = PBXBuildFile; fileRef = EF3ABF22211C83E5007594E7 /* List.storyboard */; };
		EF3ABF25211C83F6007594E7 /* ListViewController.swift in Sources */ = {isa = PBXBuildFile; fileRef = EF3ABF24211C83F6007594E7 /* ListViewController.swift */; };
		EF3ABF27211C8519007594E7 /* ListCell.swift in Sources */ = {isa = PBXBuildFile; fileRef = EF3ABF26211C8519007594E7 /* ListCell.swift */; };
		EF3ABF2B211C85DD007594E7 /* ListViewModel.swift in Sources */ = {isa = PBXBuildFile; fileRef = EF3ABF2A211C85DD007594E7 /* ListViewModel.swift */; };
		EF3ABF57211DD511007594E7 /* SWXMLHash.framework in Frameworks */ = {isa = PBXBuildFile; fileRef = EF3ABF4A211DD4ED007594E7 /* SWXMLHash.framework */; };
		EF3ABF58211DD511007594E7 /* SWXMLHash.framework in Embed Frameworks */ = {isa = PBXBuildFile; fileRef = EF3ABF4A211DD4ED007594E7 /* SWXMLHash.framework */; settings = {ATTRIBUTES = (CodeSignOnCopy, RemoveHeadersOnCopy, ); }; };
		EF3ABF5B211DD52F007594E7 /* SWXMLHash.framework in Frameworks */ = {isa = PBXBuildFile; fileRef = EF3ABF4A211DD4ED007594E7 /* SWXMLHash.framework */; };
		EF3ABF5E211DD639007594E7 /* CatsAPI.swift in Sources */ = {isa = PBXBuildFile; fileRef = EF3ABF5D211DD639007594E7 /* CatsAPI.swift */; };
		EF3ABF68211DD9F2007594E7 /* CatService.swift in Sources */ = {isa = PBXBuildFile; fileRef = EF3ABF67211DD9F2007594E7 /* CatService.swift */; };
		EF3ABF6B211DDAED007594E7 /* CatInteractor.swift in Sources */ = {isa = PBXBuildFile; fileRef = EF3ABF6A211DDAED007594E7 /* CatInteractor.swift */; };
		EF3ABF8F211DF800007594E7 /* Cat.swift in Sources */ = {isa = PBXBuildFile; fileRef = EF3ABF8E211DF800007594E7 /* Cat.swift */; };
		EF3ABF91211DF84C007594E7 /* CatImage.swift in Sources */ = {isa = PBXBuildFile; fileRef = EF3ABF90211DF84C007594E7 /* CatImage.swift */; };
		EF3ABFA1211E2622007594E7 /* UIImage+Gif.swift in Sources */ = {isa = PBXBuildFile; fileRef = EF3ABFA0211E2622007594E7 /* UIImage+Gif.swift */; };
		EF3ABFA5211E2A47007594E7 /* ImageExtension.swift in Sources */ = {isa = PBXBuildFile; fileRef = EF3ABFA4211E2A47007594E7 /* ImageExtension.swift */; };
		EF3ABFA8211E2A80007594E7 /* XMLError.swift in Sources */ = {isa = PBXBuildFile; fileRef = EF3ABFA7211E2A80007594E7 /* XMLError.swift */; };
		EF3ABFAA211E2AA2007594E7 /* JSONError.swift in Sources */ = {isa = PBXBuildFile; fileRef = EF3ABFA9211E2AA2007594E7 /* JSONError.swift */; };
		EF3ABFAD211E2ACD007594E7 /* XMLResult.swift in Sources */ = {isa = PBXBuildFile; fileRef = EF3ABFAC211E2ACD007594E7 /* XMLResult.swift */; };
		EF3ABFBA211F6EDE007594E7 /* SwiftyGif.framework in Frameworks */ = {isa = PBXBuildFile; fileRef = EF3ABFB9211F6EB8007594E7 /* SwiftyGif.framework */; };
		EF3ABFBB211F6EF1007594E7 /* SwiftyGif.framework in Frameworks */ = {isa = PBXBuildFile; fileRef = EF3ABFB9211F6EB8007594E7 /* SwiftyGif.framework */; };
		EF3ABFBC211F6EF1007594E7 /* SwiftyGif.framework in Embed Frameworks */ = {isa = PBXBuildFile; fileRef = EF3ABFB9211F6EB8007594E7 /* SwiftyGif.framework */; settings = {ATTRIBUTES = (CodeSignOnCopy, RemoveHeadersOnCopy, ); }; };
		EF3ABFF02122F846007594E7 /* ListController.swift in Sources */ = {isa = PBXBuildFile; fileRef = EF3ABFEF2122F846007594E7 /* ListController.swift */; };
		EF3ABFFA2123007D007594E7 /* ImageResult.swift in Sources */ = {isa = PBXBuildFile; fileRef = EF3ABFF92123007D007594E7 /* ImageResult.swift */; };
		EF3ABFFC212300FC007594E7 /* ImageError.swift in Sources */ = {isa = PBXBuildFile; fileRef = EF3ABFFB212300FC007594E7 /* ImageError.swift */; };
		EF3ABFFF21230923007594E7 /* Aliases.swift in Sources */ = {isa = PBXBuildFile; fileRef = EF3ABFFE21230923007594E7 /* Aliases.swift */; };
		EF8E1F0B20FD2E0200E6DCB9 /* ImageViewModel.swift in Sources */ = {isa = PBXBuildFile; fileRef = EF8E1F0A20FD2E0200E6DCB9 /* ImageViewModel.swift */; };
		EF8E1F0D20FD402700E6DCB9 /* StateManager.swift in Sources */ = {isa = PBXBuildFile; fileRef = EF8E1F0C20FD402700E6DCB9 /* StateManager.swift */; };
		EF943CBC212F25E5005E8B9E /* SearchDetailViewController.swift in Sources */ = {isa = PBXBuildFile; fileRef = EF943CBB212F25E5005E8B9E /* SearchDetailViewController.swift */; };
		EF943CC7212F2683005E8B9E /* SearchDetailPresentAnimationController.swift in Sources */ = {isa = PBXBuildFile; fileRef = EF943CC6212F2683005E8B9E /* SearchDetailPresentAnimationController.swift */; };
		EF943CCD21305C9A005E8B9E /* SearchDetailPresentTransitionView.xib in Resources */ = {isa = PBXBuildFile; fileRef = EF943CCC21305C9A005E8B9E /* SearchDetailPresentTransitionView.xib */; };
		EF943CCF21305DED005E8B9E /* SearchDetailPresentTransitionView.swift in Sources */ = {isa = PBXBuildFile; fileRef = EF943CCE21305DED005E8B9E /* SearchDetailPresentTransitionView.swift */; };
		EFAE417F20F8EDBC00621B0B /* UIView+Blur.swift in Sources */ = {isa = PBXBuildFile; fileRef = EFAE417E20F8EDBC00621B0B /* UIView+Blur.swift */; };
		EFAE418220F9097600621B0B /* Examples.swift in Sources */ = {isa = PBXBuildFile; fileRef = EFAE418120F9097600621B0B /* Examples.swift */; };
		EFAE418420F9122300621B0B /* UIImageView+Extensions.swift in Sources */ = {isa = PBXBuildFile; fileRef = EFAE418320F9122300621B0B /* UIImageView+Extensions.swift */; };
		EFAE418620F9156400621B0B /* UIButton+Extensions.swift in Sources */ = {isa = PBXBuildFile; fileRef = EFAE418520F9156400621B0B /* UIButton+Extensions.swift */; };
		EFAE418820F9162E00621B0B /* Array+Extensions.swift in Sources */ = {isa = PBXBuildFile; fileRef = EFAE418720F9162E00621B0B /* Array+Extensions.swift */; };
		EFAE418C20F939DF00621B0B /* TwitterView.xib in Resources */ = {isa = PBXBuildFile; fileRef = EFAE418B20F939DF00621B0B /* TwitterView.xib */; };
		EFAE418F20F93BBD00621B0B /* TwitterView.swift in Sources */ = {isa = PBXBuildFile; fileRef = EFAE418E20F93BBD00621B0B /* TwitterView.swift */; };
		EFAE419120F9401800621B0B /* XibView.swift in Sources */ = {isa = PBXBuildFile; fileRef = EFAE419020F9401800621B0B /* XibView.swift */; };
		EFAE41A120F94E6B00621B0B /* ImageViewController.swift in Sources */ = {isa = PBXBuildFile; fileRef = EFAE41A020F94E6B00621B0B /* ImageViewController.swift */; };
		EFAE41A420F9505600621B0B /* ImagePageViewController.swift in Sources */ = {isa = PBXBuildFile; fileRef = EFAE41A320F9505600621B0B /* ImagePageViewController.swift */; };
		EFAE41AE20FCEDFB00621B0B /* UIView+Extensions.swift in Sources */ = {isa = PBXBuildFile; fileRef = EFAE41AD20FCEDFB00621B0B /* UIView+Extensions.swift */; };
		EFAE41B020FCEE1B00621B0B /* String+Extensions.swift in Sources */ = {isa = PBXBuildFile; fileRef = EFAE41AF20FCEE1B00621B0B /* String+Extensions.swift */; };
		EFB201F721347F2D00CFD3F1 /* SearchDetailListViewController.swift in Sources */ = {isa = PBXBuildFile; fileRef = EFB201F621347F2D00CFD3F1 /* SearchDetailListViewController.swift */; };
		EFB20287213972C400CFD3F1 /* Search.storyboard in Resources */ = {isa = PBXBuildFile; fileRef = EFB20286213972C400CFD3F1 /* Search.storyboard */; };
		EFB2028A2139750E00CFD3F1 /* Image.storyboard in Resources */ = {isa = PBXBuildFile; fileRef = EFB202892139750E00CFD3F1 /* Image.storyboard */; };
		EFB2029221398F6500CFD3F1 /* Cloud.storyboard in Resources */ = {isa = PBXBuildFile; fileRef = EFB2029121398F6500CFD3F1 /* Cloud.storyboard */; };
		EFB2029421398FE300CFD3F1 /* Notification.storyboard in Resources */ = {isa = PBXBuildFile; fileRef = EFB2029321398FE300CFD3F1 /* Notification.storyboard */; };
		EFB202962139905600CFD3F1 /* Message.storyboard in Resources */ = {isa = PBXBuildFile; fileRef = EFB202952139905600CFD3F1 /* Message.storyboard */; };
		EFB202982139917600CFD3F1 /* MessageViewController.swift in Sources */ = {isa = PBXBuildFile; fileRef = EFB202972139917600CFD3F1 /* MessageViewController.swift */; };
		EFB2029A213991B900CFD3F1 /* NotificationViewController.swift in Sources */ = {isa = PBXBuildFile; fileRef = EFB20299213991B900CFD3F1 /* NotificationViewController.swift */; };
		EFB2029C213991DF00CFD3F1 /* CloudViewController.swift in Sources */ = {isa = PBXBuildFile; fileRef = EFB2029B213991DF00CFD3F1 /* CloudViewController.swift */; };
		EFB202AB21399E3500CFD3F1 /* SearchDetailPresentTransitionViewModel.swift in Sources */ = {isa = PBXBuildFile; fileRef = EFB202AA21399E3500CFD3F1 /* SearchDetailPresentTransitionViewModel.swift */; };
		EFB202AE2139BD6B00CFD3F1 /* SearchDetailDismissAnimationController.swift in Sources */ = {isa = PBXBuildFile; fileRef = EFB202AD2139BD6B00CFD3F1 /* SearchDetailDismissAnimationController.swift */; };
		EFB202B1213EDB7A00CFD3F1 /* SearchSwipeDismissInteractionController.swift in Sources */ = {isa = PBXBuildFile; fileRef = EFB202B0213EDB7A00CFD3F1 /* SearchSwipeDismissInteractionController.swift */; };
		EFDE580620FFB95900839E36 /* Notification.Name+Extensions.swift in Sources */ = {isa = PBXBuildFile; fileRef = EFDE580520FFB95900839E36 /* Notification.Name+Extensions.swift */; };
		EFDE580920FFBB7200839E36 /* LaunchViewController.swift in Sources */ = {isa = PBXBuildFile; fileRef = EFDE580820FFBB7200839E36 /* LaunchViewController.swift */; };
		EFDE580B20FFBC7800839E36 /* Constants.swift in Sources */ = {isa = PBXBuildFile; fileRef = EFDE580A20FFBC7800839E36 /* Constants.swift */; };
		EFDE580D20FFC3B100839E36 /* UIImage+Extensions.swift in Sources */ = {isa = PBXBuildFile; fileRef = EFDE580C20FFC3B100839E36 /* UIImage+Extensions.swift */; };
		EFDE580F20FFCD5D00839E36 /* Twitter.swift in Sources */ = {isa = PBXBuildFile; fileRef = EFDE580E20FFCD5D00839E36 /* Twitter.swift */; };
		EFDE581220FFCDD300839E36 /* TwitterTally.swift in Sources */ = {isa = PBXBuildFile; fileRef = EFDE581120FFCDD300839E36 /* TwitterTally.swift */; };
/* End PBXBuildFile section */

/* Begin PBXContainerItemProxy section */
		EF32AD6B20F4F80F004EEB34 /* PBXContainerItemProxy */ = {
			isa = PBXContainerItemProxy;
			containerPortal = EF32AD3520F4F06C004EEB34 /* Project object */;
			proxyType = 1;
			remoteGlobalIDString = EF32AD6520F4F80F004EEB34;
			remoteInfo = ProjectXCore;
		};
		EF3ABF49211DD4ED007594E7 /* PBXContainerItemProxy */ = {
			isa = PBXContainerItemProxy;
			containerPortal = EF3ABF3F211DD4ED007594E7 /* SWXMLHash.xcodeproj */;
			proxyType = 2;
			remoteGlobalIDString = CD6083EF196CA106000B4F8D;
			remoteInfo = "SWXMLHash iOS";
		};
		EF3ABF4B211DD4ED007594E7 /* PBXContainerItemProxy */ = {
			isa = PBXContainerItemProxy;
			containerPortal = EF3ABF3F211DD4ED007594E7 /* SWXMLHash.xcodeproj */;
			proxyType = 2;
			remoteGlobalIDString = CD6083FA196CA106000B4F8D;
			remoteInfo = "SWXMLHash iOS Tests";
		};
		EF3ABF4D211DD4ED007594E7 /* PBXContainerItemProxy */ = {
			isa = PBXContainerItemProxy;
			containerPortal = EF3ABF3F211DD4ED007594E7 /* SWXMLHash.xcodeproj */;
			proxyType = 2;
			remoteGlobalIDString = CD9D052C1A757D8B003CCB21;
			remoteInfo = "SWXMLHash OSX";
		};
		EF3ABF4F211DD4ED007594E7 /* PBXContainerItemProxy */ = {
			isa = PBXContainerItemProxy;
			containerPortal = EF3ABF3F211DD4ED007594E7 /* SWXMLHash.xcodeproj */;
			proxyType = 2;
			remoteGlobalIDString = CD9D05361A757D8B003CCB21;
			remoteInfo = "SWXMLHash OSX Tests";
		};
		EF3ABF51211DD4ED007594E7 /* PBXContainerItemProxy */ = {
			isa = PBXContainerItemProxy;
			containerPortal = EF3ABF3F211DD4ED007594E7 /* SWXMLHash.xcodeproj */;
			proxyType = 2;
			remoteGlobalIDString = CDDEC74C1BF6311A00AB138B;
			remoteInfo = "SWXMLHash tvOS";
		};
		EF3ABF53211DD4ED007594E7 /* PBXContainerItemProxy */ = {
			isa = PBXContainerItemProxy;
			containerPortal = EF3ABF3F211DD4ED007594E7 /* SWXMLHash.xcodeproj */;
			proxyType = 2;
			remoteGlobalIDString = CDDEC7551BF6311B00AB138B;
			remoteInfo = "SWXMLHash tvOS Tests";
		};
		EF3ABF55211DD4ED007594E7 /* PBXContainerItemProxy */ = {
			isa = PBXContainerItemProxy;
			containerPortal = EF3ABF3F211DD4ED007594E7 /* SWXMLHash.xcodeproj */;
			proxyType = 2;
			remoteGlobalIDString = CDDEC7681BF6316C00AB138B;
			remoteInfo = "SWXMLHash watchOS";
		};
		EF3ABF59211DD511007594E7 /* PBXContainerItemProxy */ = {
			isa = PBXContainerItemProxy;
			containerPortal = EF3ABF3F211DD4ED007594E7 /* SWXMLHash.xcodeproj */;
			proxyType = 1;
			remoteGlobalIDString = CD6083EE196CA106000B4F8D;
			remoteInfo = "SWXMLHash iOS";
		};
		EF3ABFB4211F6EB8007594E7 /* PBXContainerItemProxy */ = {
			isa = PBXContainerItemProxy;
			containerPortal = EF3ABFAE211F6EB8007594E7 /* SwiftyGif.xcodeproj */;
			proxyType = 2;
			remoteGlobalIDString = FA29E9321CA9340E00E579D5;
			remoteInfo = SwiftyGifExample;
		};
		EF3ABFB6211F6EB8007594E7 /* PBXContainerItemProxy */ = {
			isa = PBXContainerItemProxy;
			containerPortal = EF3ABFAE211F6EB8007594E7 /* SwiftyGif.xcodeproj */;
			proxyType = 2;
			remoteGlobalIDString = FA29E9461CA9340F00E579D5;
			remoteInfo = SwiftyGifTests;
		};
		EF3ABFB8211F6EB8007594E7 /* PBXContainerItemProxy */ = {
			isa = PBXContainerItemProxy;
			containerPortal = EF3ABFAE211F6EB8007594E7 /* SwiftyGif.xcodeproj */;
			proxyType = 2;
			remoteGlobalIDString = 3B18BAF41E289899009C125A;
			remoteInfo = SwiftyGif;
		};
		EF3ABFBD211F6EF1007594E7 /* PBXContainerItemProxy */ = {
			isa = PBXContainerItemProxy;
			containerPortal = EF3ABFAE211F6EB8007594E7 /* SwiftyGif.xcodeproj */;
			proxyType = 1;
			remoteGlobalIDString = 3B18BAF31E289899009C125A;
			remoteInfo = SwiftyGif;
		};
/* End PBXContainerItemProxy section */

/* Begin PBXCopyFilesBuildPhase section */
		EF32AD7220F4F80F004EEB34 /* Embed Frameworks */ = {
			isa = PBXCopyFilesBuildPhase;
			buildActionMask = 2147483647;
			dstPath = "";
			dstSubfolderSpec = 10;
			files = (
				EF32AD7820F4F86C004EEB34 /* PromiseKit.framework in Embed Frameworks */,
				EF32AD6E20F4F80F004EEB34 /* ProjectXCore.framework in Embed Frameworks */,
				EF3ABF58211DD511007594E7 /* SWXMLHash.framework in Embed Frameworks */,
				EF32AD7620F4F86C004EEB34 /* Alamofire.framework in Embed Frameworks */,
				EF3ABFBC211F6EF1007594E7 /* SwiftyGif.framework in Embed Frameworks */,
			);
			name = "Embed Frameworks";
			runOnlyForDeploymentPostprocessing = 0;
		};
/* End PBXCopyFilesBuildPhase section */

/* Begin PBXFileReference section */
		EF32AD3D20F4F06C004EEB34 /* ProjectX.app */ = {isa = PBXFileReference; explicitFileType = wrapper.application; includeInIndex = 0; path = ProjectX.app; sourceTree = BUILT_PRODUCTS_DIR; };
		EF32AD4020F4F06C004EEB34 /* AppDelegate.swift */ = {isa = PBXFileReference; lastKnownFileType = sourcecode.swift; path = AppDelegate.swift; sourceTree = "<group>"; };
		EF32AD4220F4F06C004EEB34 /* SearchViewController.swift */ = {isa = PBXFileReference; lastKnownFileType = sourcecode.swift; path = SearchViewController.swift; sourceTree = "<group>"; };
		EF32AD4520F4F06C004EEB34 /* Base */ = {isa = PBXFileReference; lastKnownFileType = file.storyboard; name = Base; path = Base.lproj/Main.storyboard; sourceTree = "<group>"; };
		EF32AD4820F4F06C004EEB34 /* ProjectX.xcdatamodel */ = {isa = PBXFileReference; lastKnownFileType = wrapper.xcdatamodel; path = ProjectX.xcdatamodel; sourceTree = "<group>"; };
		EF32AD4A20F4F06F004EEB34 /* Assets.xcassets */ = {isa = PBXFileReference; lastKnownFileType = folder.assetcatalog; path = Assets.xcassets; sourceTree = "<group>"; };
		EF32AD4D20F4F06F004EEB34 /* Base */ = {isa = PBXFileReference; lastKnownFileType = file.storyboard; name = Base; path = Base.lproj/LaunchScreen.storyboard; sourceTree = "<group>"; };
		EF32AD4F20F4F06F004EEB34 /* Info.plist */ = {isa = PBXFileReference; lastKnownFileType = text.plist.xml; path = Info.plist; sourceTree = "<group>"; };
		EF32AD5720F4F75E004EEB34 /* PromiseKit.framework */ = {isa = PBXFileReference; lastKnownFileType = wrapper.framework; name = PromiseKit.framework; path = Carthage/Build/iOS/PromiseKit.framework; sourceTree = "<group>"; };
		EF32AD5820F4F75E004EEB34 /* Alamofire.framework */ = {isa = PBXFileReference; lastKnownFileType = wrapper.framework; name = Alamofire.framework; path = Carthage/Build/iOS/Alamofire.framework; sourceTree = "<group>"; };
		EF32AD6620F4F80F004EEB34 /* ProjectXCore.framework */ = {isa = PBXFileReference; explicitFileType = wrapper.framework; includeInIndex = 0; path = ProjectXCore.framework; sourceTree = BUILT_PRODUCTS_DIR; };
		EF32AD6820F4F80F004EEB34 /* ProjectXCore.h */ = {isa = PBXFileReference; lastKnownFileType = sourcecode.c.h; path = ProjectXCore.h; sourceTree = "<group>"; };
		EF32AD6920F4F80F004EEB34 /* Info.plist */ = {isa = PBXFileReference; lastKnownFileType = text.plist.xml; path = Info.plist; sourceTree = "<group>"; };
		EF32AD7920F4F8D7004EEB34 /* RandomAPI.swift */ = {isa = PBXFileReference; lastKnownFileType = sourcecode.swift; path = RandomAPI.swift; sourceTree = "<group>"; };
		EF32AD7B20F4FD0E004EEB34 /* ContentType.swift */ = {isa = PBXFileReference; lastKnownFileType = sourcecode.swift; path = ContentType.swift; sourceTree = "<group>"; };
		EF32AD7D20F4FD19004EEB34 /* HTTPHeaderField.swift */ = {isa = PBXFileReference; lastKnownFileType = sourcecode.swift; path = HTTPHeaderField.swift; sourceTree = "<group>"; };
		EF32AD8120F4FEDF004EEB34 /* Routable.swift */ = {isa = PBXFileReference; lastKnownFileType = sourcecode.swift; path = Routable.swift; sourceTree = "<group>"; };
		EF32AD8B20F4FFE9004EEB34 /* User.swift */ = {isa = PBXFileReference; lastKnownFileType = sourcecode.swift; path = User.swift; sourceTree = "<group>"; };
		EF32AD8D20F51357004EEB34 /* Gender.swift */ = {isa = PBXFileReference; lastKnownFileType = sourcecode.swift; path = Gender.swift; sourceTree = "<group>"; };
		EF32AD8F20F5135E004EEB34 /* Address.swift */ = {isa = PBXFileReference; lastKnownFileType = sourcecode.swift; path = Address.swift; sourceTree = "<group>"; };
		EF32AD9120F51364004EEB34 /* Picture.swift */ = {isa = PBXFileReference; lastKnownFileType = sourcecode.swift; path = Picture.swift; sourceTree = "<group>"; };
		EF32AD9320F51494004EEB34 /* UserGetter.swift */ = {isa = PBXFileReference; lastKnownFileType = sourcecode.swift; path = UserGetter.swift; sourceTree = "<group>"; };
		EF32AD9620F51505004EEB34 /* UserGetterInteractor.swift */ = {isa = PBXFileReference; lastKnownFileType = sourcecode.swift; path = UserGetterInteractor.swift; sourceTree = "<group>"; };
		EF32AD9920F5160C004EEB34 /* Alamofire+Promise.swift */ = {isa = PBXFileReference; lastKnownFileType = sourcecode.swift; path = "Alamofire+Promise.swift"; sourceTree = "<group>"; };
		EF32AD9C20F7A776004EEB34 /* HomeTabBarViewController.swift */ = {isa = PBXFileReference; lastKnownFileType = sourcecode.swift; path = HomeTabBarViewController.swift; sourceTree = "<group>"; };
		EF32AD9E20F7CD58004EEB34 /* CustomTabBar.xib */ = {isa = PBXFileReference; lastKnownFileType = file.xib; path = CustomTabBar.xib; sourceTree = "<group>"; };
		EF32ADA020F7D2C9004EEB34 /* CustomTabBar.swift */ = {isa = PBXFileReference; lastKnownFileType = sourcecode.swift; path = CustomTabBar.swift; sourceTree = "<group>"; };
		EF3ABF22211C83E5007594E7 /* List.storyboard */ = {isa = PBXFileReference; lastKnownFileType = file.storyboard; path = List.storyboard; sourceTree = "<group>"; };
		EF3ABF24211C83F6007594E7 /* ListViewController.swift */ = {isa = PBXFileReference; lastKnownFileType = sourcecode.swift; path = ListViewController.swift; sourceTree = "<group>"; };
		EF3ABF26211C8519007594E7 /* ListCell.swift */ = {isa = PBXFileReference; lastKnownFileType = sourcecode.swift; path = ListCell.swift; sourceTree = "<group>"; };
		EF3ABF2A211C85DD007594E7 /* ListViewModel.swift */ = {isa = PBXFileReference; lastKnownFileType = sourcecode.swift; path = ListViewModel.swift; sourceTree = "<group>"; };
		EF3ABF3F211DD4ED007594E7 /* SWXMLHash.xcodeproj */ = {isa = PBXFileReference; lastKnownFileType = "wrapper.pb-project"; name = SWXMLHash.xcodeproj; path = Carthage/Checkouts/SWXMLHash/SWXMLHash.xcodeproj; sourceTree = "<group>"; };
		EF3ABF5D211DD639007594E7 /* CatsAPI.swift */ = {isa = PBXFileReference; lastKnownFileType = sourcecode.swift; path = CatsAPI.swift; sourceTree = "<group>"; };
		EF3ABF67211DD9F2007594E7 /* CatService.swift */ = {isa = PBXFileReference; lastKnownFileType = sourcecode.swift; path = CatService.swift; sourceTree = "<group>"; };
		EF3ABF6A211DDAED007594E7 /* CatInteractor.swift */ = {isa = PBXFileReference; lastKnownFileType = sourcecode.swift; path = CatInteractor.swift; sourceTree = "<group>"; };
		EF3ABF8E211DF800007594E7 /* Cat.swift */ = {isa = PBXFileReference; lastKnownFileType = sourcecode.swift; path = Cat.swift; sourceTree = "<group>"; };
		EF3ABF90211DF84C007594E7 /* CatImage.swift */ = {isa = PBXFileReference; lastKnownFileType = sourcecode.swift; path = CatImage.swift; sourceTree = "<group>"; };
		EF3ABFA0211E2622007594E7 /* UIImage+Gif.swift */ = {isa = PBXFileReference; lastKnownFileType = sourcecode.swift; path = "UIImage+Gif.swift"; sourceTree = "<group>"; };
		EF3ABFA4211E2A47007594E7 /* ImageExtension.swift */ = {isa = PBXFileReference; lastKnownFileType = sourcecode.swift; path = ImageExtension.swift; sourceTree = "<group>"; };
		EF3ABFA7211E2A80007594E7 /* XMLError.swift */ = {isa = PBXFileReference; lastKnownFileType = sourcecode.swift; path = XMLError.swift; sourceTree = "<group>"; };
		EF3ABFA9211E2AA2007594E7 /* JSONError.swift */ = {isa = PBXFileReference; lastKnownFileType = sourcecode.swift; path = JSONError.swift; sourceTree = "<group>"; };
		EF3ABFAC211E2ACD007594E7 /* XMLResult.swift */ = {isa = PBXFileReference; lastKnownFileType = sourcecode.swift; path = XMLResult.swift; sourceTree = "<group>"; };
		EF3ABFAE211F6EB8007594E7 /* SwiftyGif.xcodeproj */ = {isa = PBXFileReference; lastKnownFileType = "wrapper.pb-project"; name = SwiftyGif.xcodeproj; path = Carthage/Checkouts/SwiftyGif/SwiftyGif.xcodeproj; sourceTree = "<group>"; };
		EF3ABFEF2122F846007594E7 /* ListController.swift */ = {isa = PBXFileReference; lastKnownFileType = sourcecode.swift; path = ListController.swift; sourceTree = "<group>"; };
		EF3ABFF92123007D007594E7 /* ImageResult.swift */ = {isa = PBXFileReference; lastKnownFileType = sourcecode.swift; path = ImageResult.swift; sourceTree = "<group>"; };
		EF3ABFFB212300FC007594E7 /* ImageError.swift */ = {isa = PBXFileReference; lastKnownFileType = sourcecode.swift; path = ImageError.swift; sourceTree = "<group>"; };
		EF3ABFFE21230923007594E7 /* Aliases.swift */ = {isa = PBXFileReference; lastKnownFileType = sourcecode.swift; path = Aliases.swift; sourceTree = "<group>"; };
		EF8E1F0A20FD2E0200E6DCB9 /* ImageViewModel.swift */ = {isa = PBXFileReference; lastKnownFileType = sourcecode.swift; path = ImageViewModel.swift; sourceTree = "<group>"; };
		EF8E1F0C20FD402700E6DCB9 /* StateManager.swift */ = {isa = PBXFileReference; lastKnownFileType = sourcecode.swift; path = StateManager.swift; sourceTree = "<group>"; };
		EF943CBB212F25E5005E8B9E /* SearchDetailViewController.swift */ = {isa = PBXFileReference; lastKnownFileType = sourcecode.swift; path = SearchDetailViewController.swift; sourceTree = "<group>"; };
		EF943CC6212F2683005E8B9E /* SearchDetailPresentAnimationController.swift */ = {isa = PBXFileReference; lastKnownFileType = sourcecode.swift; path = SearchDetailPresentAnimationController.swift; sourceTree = "<group>"; };
		EF943CCC21305C9A005E8B9E /* SearchDetailPresentTransitionView.xib */ = {isa = PBXFileReference; lastKnownFileType = file.xib; path = SearchDetailPresentTransitionView.xib; sourceTree = "<group>"; };
		EF943CCE21305DED005E8B9E /* SearchDetailPresentTransitionView.swift */ = {isa = PBXFileReference; lastKnownFileType = sourcecode.swift; path = SearchDetailPresentTransitionView.swift; sourceTree = "<group>"; };
		EFAE417E20F8EDBC00621B0B /* UIView+Blur.swift */ = {isa = PBXFileReference; lastKnownFileType = sourcecode.swift; path = "UIView+Blur.swift"; sourceTree = "<group>"; };
		EFAE418120F9097600621B0B /* Examples.swift */ = {isa = PBXFileReference; lastKnownFileType = sourcecode.swift; path = Examples.swift; sourceTree = "<group>"; };
		EFAE418320F9122300621B0B /* UIImageView+Extensions.swift */ = {isa = PBXFileReference; lastKnownFileType = sourcecode.swift; path = "UIImageView+Extensions.swift"; sourceTree = "<group>"; };
		EFAE418520F9156400621B0B /* UIButton+Extensions.swift */ = {isa = PBXFileReference; lastKnownFileType = sourcecode.swift; path = "UIButton+Extensions.swift"; sourceTree = "<group>"; };
		EFAE418720F9162E00621B0B /* Array+Extensions.swift */ = {isa = PBXFileReference; lastKnownFileType = sourcecode.swift; path = "Array+Extensions.swift"; sourceTree = "<group>"; };
		EFAE418B20F939DF00621B0B /* TwitterView.xib */ = {isa = PBXFileReference; lastKnownFileType = file.xib; path = TwitterView.xib; sourceTree = "<group>"; };
		EFAE418E20F93BBD00621B0B /* TwitterView.swift */ = {isa = PBXFileReference; lastKnownFileType = sourcecode.swift; path = TwitterView.swift; sourceTree = "<group>"; };
		EFAE419020F9401800621B0B /* XibView.swift */ = {isa = PBXFileReference; lastKnownFileType = sourcecode.swift; path = XibView.swift; sourceTree = "<group>"; };
		EFAE41A020F94E6B00621B0B /* ImageViewController.swift */ = {isa = PBXFileReference; lastKnownFileType = sourcecode.swift; path = ImageViewController.swift; sourceTree = "<group>"; };
		EFAE41A320F9505600621B0B /* ImagePageViewController.swift */ = {isa = PBXFileReference; lastKnownFileType = sourcecode.swift; path = ImagePageViewController.swift; sourceTree = "<group>"; };
		EFAE41AD20FCEDFB00621B0B /* UIView+Extensions.swift */ = {isa = PBXFileReference; lastKnownFileType = sourcecode.swift; path = "UIView+Extensions.swift"; sourceTree = "<group>"; };
		EFAE41AF20FCEE1B00621B0B /* String+Extensions.swift */ = {isa = PBXFileReference; lastKnownFileType = sourcecode.swift; path = "String+Extensions.swift"; sourceTree = "<group>"; };
		EFB201F621347F2D00CFD3F1 /* SearchDetailListViewController.swift */ = {isa = PBXFileReference; lastKnownFileType = sourcecode.swift; path = SearchDetailListViewController.swift; sourceTree = "<group>"; };
		EFB20286213972C400CFD3F1 /* Search.storyboard */ = {isa = PBXFileReference; lastKnownFileType = file.storyboard; path = Search.storyboard; sourceTree = "<group>"; };
		EFB202892139750E00CFD3F1 /* Image.storyboard */ = {isa = PBXFileReference; lastKnownFileType = file.storyboard; path = Image.storyboard; sourceTree = "<group>"; };
		EFB2029121398F6500CFD3F1 /* Cloud.storyboard */ = {isa = PBXFileReference; lastKnownFileType = file.storyboard; path = Cloud.storyboard; sourceTree = "<group>"; };
		EFB2029321398FE300CFD3F1 /* Notification.storyboard */ = {isa = PBXFileReference; lastKnownFileType = file.storyboard; path = Notification.storyboard; sourceTree = "<group>"; };
		EFB202952139905600CFD3F1 /* Message.storyboard */ = {isa = PBXFileReference; lastKnownFileType = file.storyboard; path = Message.storyboard; sourceTree = "<group>"; };
		EFB202972139917600CFD3F1 /* MessageViewController.swift */ = {isa = PBXFileReference; lastKnownFileType = sourcecode.swift; path = MessageViewController.swift; sourceTree = "<group>"; };
		EFB20299213991B900CFD3F1 /* NotificationViewController.swift */ = {isa = PBXFileReference; lastKnownFileType = sourcecode.swift; path = NotificationViewController.swift; sourceTree = "<group>"; };
		EFB2029B213991DF00CFD3F1 /* CloudViewController.swift */ = {isa = PBXFileReference; lastKnownFileType = sourcecode.swift; path = CloudViewController.swift; sourceTree = "<group>"; };
		EFB202AA21399E3500CFD3F1 /* SearchDetailPresentTransitionViewModel.swift */ = {isa = PBXFileReference; lastKnownFileType = sourcecode.swift; path = SearchDetailPresentTransitionViewModel.swift; sourceTree = "<group>"; };
		EFB202AD2139BD6B00CFD3F1 /* SearchDetailDismissAnimationController.swift */ = {isa = PBXFileReference; lastKnownFileType = sourcecode.swift; path = SearchDetailDismissAnimationController.swift; sourceTree = "<group>"; };
		EFB202B0213EDB7A00CFD3F1 /* SearchSwipeDismissInteractionController.swift */ = {isa = PBXFileReference; lastKnownFileType = sourcecode.swift; path = SearchSwipeDismissInteractionController.swift; sourceTree = "<group>"; };
		EFDE580520FFB95900839E36 /* Notification.Name+Extensions.swift */ = {isa = PBXFileReference; lastKnownFileType = sourcecode.swift; path = "Notification.Name+Extensions.swift"; sourceTree = "<group>"; };
		EFDE580820FFBB7200839E36 /* LaunchViewController.swift */ = {isa = PBXFileReference; lastKnownFileType = sourcecode.swift; path = LaunchViewController.swift; sourceTree = "<group>"; };
		EFDE580A20FFBC7800839E36 /* Constants.swift */ = {isa = PBXFileReference; lastKnownFileType = sourcecode.swift; path = Constants.swift; sourceTree = "<group>"; };
		EFDE580C20FFC3B100839E36 /* UIImage+Extensions.swift */ = {isa = PBXFileReference; lastKnownFileType = sourcecode.swift; path = "UIImage+Extensions.swift"; sourceTree = "<group>"; };
		EFDE580E20FFCD5D00839E36 /* Twitter.swift */ = {isa = PBXFileReference; lastKnownFileType = sourcecode.swift; path = Twitter.swift; sourceTree = "<group>"; };
		EFDE581120FFCDD300839E36 /* TwitterTally.swift */ = {isa = PBXFileReference; lastKnownFileType = sourcecode.swift; path = TwitterTally.swift; sourceTree = "<group>"; };
/* End PBXFileReference section */

/* Begin PBXFrameworksBuildPhase section */
		EF32AD3A20F4F06C004EEB34 /* Frameworks */ = {
			isa = PBXFrameworksBuildPhase;
			buildActionMask = 2147483647;
			files = (
				EF32AD7720F4F86C004EEB34 /* PromiseKit.framework in Frameworks */,
				EF32AD6D20F4F80F004EEB34 /* ProjectXCore.framework in Frameworks */,
				EF3ABF57211DD511007594E7 /* SWXMLHash.framework in Frameworks */,
				EF32AD7520F4F86C004EEB34 /* Alamofire.framework in Frameworks */,
				EF3ABFBB211F6EF1007594E7 /* SwiftyGif.framework in Frameworks */,
			);
			runOnlyForDeploymentPostprocessing = 0;
		};
		EF32AD6220F4F80F004EEB34 /* Frameworks */ = {
			isa = PBXFrameworksBuildPhase;
			buildActionMask = 2147483647;
			files = (
				EF3ABFBA211F6EDE007594E7 /* SwiftyGif.framework in Frameworks */,
				EF3ABF5B211DD52F007594E7 /* SWXMLHash.framework in Frameworks */,
				EF32AD7320F4F851004EEB34 /* Alamofire.framework in Frameworks */,
				EF32AD7420F4F851004EEB34 /* PromiseKit.framework in Frameworks */,
			);
			runOnlyForDeploymentPostprocessing = 0;
		};
/* End PBXFrameworksBuildPhase section */

/* Begin PBXGroup section */
		EF32AD3420F4F06C004EEB34 = {
			isa = PBXGroup;
			children = (
				EF32AD3F20F4F06C004EEB34 /* ProjectX */,
				EF32AD6720F4F80F004EEB34 /* ProjectXCore */,
				EF32AD3E20F4F06C004EEB34 /* Products */,
				EF32AD5620F4F75E004EEB34 /* Frameworks */,
			);
			sourceTree = "<group>";
		};
		EF32AD3E20F4F06C004EEB34 /* Products */ = {
			isa = PBXGroup;
			children = (
				EF32AD3D20F4F06C004EEB34 /* ProjectX.app */,
				EF32AD6620F4F80F004EEB34 /* ProjectXCore.framework */,
			);
			name = Products;
			sourceTree = "<group>";
		};
		EF32AD3F20F4F06C004EEB34 /* ProjectX */ = {
			isa = PBXGroup;
			children = (
				EF32AD4F20F4F06F004EEB34 /* Info.plist */,
				EF32AD4720F4F06C004EEB34 /* ProjectX.xcdatamodeld */,
				EFB2029021398E9700CFD3F1 /* Application */,
				EFB202832139726E00CFD3F1 /* Cloud */,
				EF32AD9B20F7A71B004EEB34 /* Custom */,
				EFB20288213974E700CFD3F1 /* Image */,
				EFDE580720FFBB5800839E36 /* Launch */,
				EF3ABF21211C83B1007594E7 /* List */,
				EFB202852139729700CFD3F1 /* Message */,
				EFB202842139729000CFD3F1 /* Notification */,
				EFB2027A2139726500CFD3F1 /* Search */,
				EFAE418A20F939B200621B0B /* Shared */,
			);
			path = ProjectX;
			sourceTree = "<group>";
		};
		EF32AD5620F4F75E004EEB34 /* Frameworks */ = {
			isa = PBXGroup;
			children = (
				EF3ABFAE211F6EB8007594E7 /* SwiftyGif.xcodeproj */,
				EF3ABF3F211DD4ED007594E7 /* SWXMLHash.xcodeproj */,
				EF32AD5820F4F75E004EEB34 /* Alamofire.framework */,
				EF32AD5720F4F75E004EEB34 /* PromiseKit.framework */,
			);
			name = Frameworks;
			sourceTree = "<group>";
		};
		EF32AD6720F4F80F004EEB34 /* ProjectXCore */ = {
			isa = PBXGroup;
			children = (
				EF3ABFA2211E2A25007594E7 /* Shared */,
				EF3ABF65211DD9B4007594E7 /* Cat */,
				EF32AD8920F4FFB1004EEB34 /* User */,
				EF32AD8020F4FD51004EEB34 /* Routers */,
				EF32AD7F20F4FD41004EEB34 /* Constants */,
				EF32AD6820F4F80F004EEB34 /* ProjectXCore.h */,
				EF32AD6920F4F80F004EEB34 /* Info.plist */,
			);
			path = ProjectXCore;
			sourceTree = "<group>";
		};
		EF32AD7F20F4FD41004EEB34 /* Constants */ = {
			isa = PBXGroup;
			children = (
				EF32AD7B20F4FD0E004EEB34 /* ContentType.swift */,
				EF32AD7D20F4FD19004EEB34 /* HTTPHeaderField.swift */,
			);
			path = Constants;
			sourceTree = "<group>";
		};
		EF32AD8020F4FD51004EEB34 /* Routers */ = {
			isa = PBXGroup;
			children = (
				EF32AD7920F4F8D7004EEB34 /* RandomAPI.swift */,
				EF32AD8120F4FEDF004EEB34 /* Routable.swift */,
				EF3ABF5D211DD639007594E7 /* CatsAPI.swift */,
			);
			path = Routers;
			sourceTree = "<group>";
		};
		EF32AD8920F4FFB1004EEB34 /* User */ = {
			isa = PBXGroup;
			children = (
				EF32AD9520F514F0004EEB34 /* Get */,
				EF32AD8A20F4FFD4004EEB34 /* Models */,
			);
			path = User;
			sourceTree = "<group>";
		};
		EF32AD8A20F4FFD4004EEB34 /* Models */ = {
			isa = PBXGroup;
			children = (
				EFDE581020FFCD8200839E36 /* Twitter Models */,
				EF32AD8B20F4FFE9004EEB34 /* User.swift */,
				EF32AD8D20F51357004EEB34 /* Gender.swift */,
				EF32AD8F20F5135E004EEB34 /* Address.swift */,
				EF32AD9120F51364004EEB34 /* Picture.swift */,
			);
			path = Models;
			sourceTree = "<group>";
		};
		EF32AD9520F514F0004EEB34 /* Get */ = {
			isa = PBXGroup;
			children = (
				EF32AD9320F51494004EEB34 /* UserGetter.swift */,
				EF32AD9620F51505004EEB34 /* UserGetterInteractor.swift */,
			);
			path = Get;
			sourceTree = "<group>";
		};
		EF32AD9820F515F7004EEB34 /* Extensions */ = {
			isa = PBXGroup;
			children = (
				EF32AD9920F5160C004EEB34 /* Alamofire+Promise.swift */,
				EF3ABFA0211E2622007594E7 /* UIImage+Gif.swift */,
			);
			path = Extensions;
			sourceTree = "<group>";
		};
		EF32AD9B20F7A71B004EEB34 /* Custom */ = {
			isa = PBXGroup;
			children = (
				EF32AD9C20F7A776004EEB34 /* HomeTabBarViewController.swift */,
				EF32AD9E20F7CD58004EEB34 /* CustomTabBar.xib */,
				EF32ADA020F7D2C9004EEB34 /* CustomTabBar.swift */,
			);
			path = Custom;
			sourceTree = "<group>";
		};
		EF3ABF21211C83B1007594E7 /* List */ = {
			isa = PBXGroup;
			children = (
				EF3ABF29211C85D2007594E7 /* Models */,
				EF3ABF28211C85C8007594E7 /* Cells */,
				EF3ABF22211C83E5007594E7 /* List.storyboard */,
				EF3ABF24211C83F6007594E7 /* ListViewController.swift */,
				EF3ABFEF2122F846007594E7 /* ListController.swift */,
			);
			path = List;
			sourceTree = "<group>";
		};
		EF3ABF28211C85C8007594E7 /* Cells */ = {
			isa = PBXGroup;
			children = (
				EF3ABF26211C8519007594E7 /* ListCell.swift */,
			);
			path = Cells;
			sourceTree = "<group>";
		};
		EF3ABF29211C85D2007594E7 /* Models */ = {
			isa = PBXGroup;
			children = (
				EF3ABF2A211C85DD007594E7 /* ListViewModel.swift */,
			);
			path = Models;
			sourceTree = "<group>";
		};
		EF3ABF40211DD4ED007594E7 /* Products */ = {
			isa = PBXGroup;
			children = (
				EF3ABF4A211DD4ED007594E7 /* SWXMLHash.framework */,
				EF3ABF4C211DD4ED007594E7 /* SWXMLHash iOS Tests.xctest */,
				EF3ABF4E211DD4ED007594E7 /* SWXMLHash.framework */,
				EF3ABF50211DD4ED007594E7 /* SWXMLHash OSX Tests.xctest */,
				EF3ABF52211DD4ED007594E7 /* SWXMLHash.framework */,
				EF3ABF54211DD4ED007594E7 /* SWXMLHash tvOS Tests.xctest */,
				EF3ABF56211DD4ED007594E7 /* SWXMLHash.framework */,
			);
			name = Products;
			sourceTree = "<group>";
		};
		EF3ABF65211DD9B4007594E7 /* Cat */ = {
			isa = PBXGroup;
			children = (
				EF3ABF8D211DF7E3007594E7 /* Models */,
				EF3ABF69211DDADF007594E7 /* Interactors */,
				EF3ABF67211DD9F2007594E7 /* CatService.swift */,
			);
			path = Cat;
			sourceTree = "<group>";
		};
		EF3ABF69211DDADF007594E7 /* Interactors */ = {
			isa = PBXGroup;
			children = (
				EF3ABF6A211DDAED007594E7 /* CatInteractor.swift */,
			);
			path = Interactors;
			sourceTree = "<group>";
		};
		EF3ABF8D211DF7E3007594E7 /* Models */ = {
			isa = PBXGroup;
			children = (
				EF3ABF8E211DF800007594E7 /* Cat.swift */,
				EF3ABF90211DF84C007594E7 /* CatImage.swift */,
			);
			path = Models;
			sourceTree = "<group>";
		};
		EF3ABFA2211E2A25007594E7 /* Shared */ = {
			isa = PBXGroup;
			children = (
				EF3ABFFD21230914007594E7 /* Aliases */,
				EF3ABFAB211E2AC0007594E7 /* Results */,
				EF3ABFA6211E2A70007594E7 /* Errors */,
				EF3ABFA3211E2A37007594E7 /* Helpers */,
				EF32AD9820F515F7004EEB34 /* Extensions */,
			);
			path = Shared;
			sourceTree = "<group>";
		};
		EF3ABFA3211E2A37007594E7 /* Helpers */ = {
			isa = PBXGroup;
			children = (
				EF3ABFA4211E2A47007594E7 /* ImageExtension.swift */,
			);
			path = Helpers;
			sourceTree = "<group>";
		};
		EF3ABFA6211E2A70007594E7 /* Errors */ = {
			isa = PBXGroup;
			children = (
				EF3ABFA7211E2A80007594E7 /* XMLError.swift */,
				EF3ABFA9211E2AA2007594E7 /* JSONError.swift */,
				EF3ABFFB212300FC007594E7 /* ImageError.swift */,
			);
			path = Errors;
			sourceTree = "<group>";
		};
		EF3ABFAB211E2AC0007594E7 /* Results */ = {
			isa = PBXGroup;
			children = (
				EF3ABFAC211E2ACD007594E7 /* XMLResult.swift */,
				EF3ABFF92123007D007594E7 /* ImageResult.swift */,
			);
			path = Results;
			sourceTree = "<group>";
		};
		EF3ABFAF211F6EB8007594E7 /* Products */ = {
			isa = PBXGroup;
			children = (
				EF3ABFB5211F6EB8007594E7 /* SwiftyGifExample.app */,
				EF3ABFB7211F6EB8007594E7 /* SwiftyGifTests.xctest */,
				EF3ABFB9211F6EB8007594E7 /* SwiftyGif.framework */,
			);
			name = Products;
			sourceTree = "<group>";
		};
		EF3ABFFD21230914007594E7 /* Aliases */ = {
			isa = PBXGroup;
			children = (
				EF3ABFFE21230923007594E7 /* Aliases.swift */,
			);
			path = Aliases;
			sourceTree = "<group>";
		};
		EF8E1F0E20FD403E00E6DCB9 /* StateManagement */ = {
			isa = PBXGroup;
			children = (
				EF8E1F0C20FD402700E6DCB9 /* StateManager.swift */,
			);
			path = StateManagement;
			sourceTree = "<group>";
		};
		EF943CC5212F2642005E8B9E /* Transitions */ = {
			isa = PBXGroup;
			children = (
				EFB202AF213EDB5D00CFD3F1 /* Interaction */,
				EFB202AC2139BD4700CFD3F1 /* Dismiss */,
				EFB2028F21398D1200CFD3F1 /* Present */,
			);
			path = Transitions;
			sourceTree = "<group>";
		};
		EFAE417D20F8EDAB00621B0B /* Extensions */ = {
			isa = PBXGroup;
			children = (
				EFAE417E20F8EDBC00621B0B /* UIView+Blur.swift */,
				EFAE418320F9122300621B0B /* UIImageView+Extensions.swift */,
				EFAE418520F9156400621B0B /* UIButton+Extensions.swift */,
				EFAE418720F9162E00621B0B /* Array+Extensions.swift */,
				EFAE41AD20FCEDFB00621B0B /* UIView+Extensions.swift */,
				EFAE41AF20FCEE1B00621B0B /* String+Extensions.swift */,
				EFDE580520FFB95900839E36 /* Notification.Name+Extensions.swift */,
				EFDE580C20FFC3B100839E36 /* UIImage+Extensions.swift */,
			);
			path = Extensions;
			sourceTree = "<group>";
		};
		EFAE418020F9096A00621B0B /* Examples */ = {
			isa = PBXGroup;
			children = (
				EFAE418120F9097600621B0B /* Examples.swift */,
			);
			path = Examples;
			sourceTree = "<group>";
		};
		EFAE418920F9399700621B0B /* Views */ = {
			isa = PBXGroup;
			children = (
				EFAE418D20F93BA600621B0B /* Twitter */,
				EFAE419020F9401800621B0B /* XibView.swift */,
			);
			path = Views;
			sourceTree = "<group>";
		};
		EFAE418A20F939B200621B0B /* Shared */ = {
			isa = PBXGroup;
			children = (
				EF8E1F0E20FD403E00E6DCB9 /* StateManagement */,
				EFAE418920F9399700621B0B /* Views */,
				EFAE418020F9096A00621B0B /* Examples */,
				EFAE417D20F8EDAB00621B0B /* Extensions */,
				EFDE580A20FFBC7800839E36 /* Constants.swift */,
			);
			path = Shared;
			sourceTree = "<group>";
		};
		EFAE418D20F93BA600621B0B /* Twitter */ = {
			isa = PBXGroup;
			children = (
				EFAE418B20F939DF00621B0B /* TwitterView.xib */,
				EFAE418E20F93BBD00621B0B /* TwitterView.swift */,
			);
			path = Twitter;
			sourceTree = "<group>";
		};
		EFB2027A2139726500CFD3F1 /* Search */ = {
			isa = PBXGroup;
			children = (
				EFB20286213972C400CFD3F1 /* Search.storyboard */,
				EF32AD4220F4F06C004EEB34 /* SearchViewController.swift */,
				EFB2028B213978D500CFD3F1 /* Detail */,
				EF943CC5212F2642005E8B9E /* Transitions */,
			);
			path = Search;
			sourceTree = "<group>";
		};
		EFB202832139726E00CFD3F1 /* Cloud */ = {
			isa = PBXGroup;
			children = (
				EFB2029121398F6500CFD3F1 /* Cloud.storyboard */,
				EFB2029B213991DF00CFD3F1 /* CloudViewController.swift */,
			);
			path = Cloud;
			sourceTree = "<group>";
		};
		EFB202842139729000CFD3F1 /* Notification */ = {
			isa = PBXGroup;
			children = (
				EFB2029321398FE300CFD3F1 /* Notification.storyboard */,
				EFB20299213991B900CFD3F1 /* NotificationViewController.swift */,
			);
			path = Notification;
			sourceTree = "<group>";
		};
		EFB202852139729700CFD3F1 /* Message */ = {
			isa = PBXGroup;
			children = (
				EFB202952139905600CFD3F1 /* Message.storyboard */,
				EFB202972139917600CFD3F1 /* MessageViewController.swift */,
			);
			path = Message;
			sourceTree = "<group>";
		};
		EFB20288213974E700CFD3F1 /* Image */ = {
			isa = PBXGroup;
			children = (
				EFB202892139750E00CFD3F1 /* Image.storyboard */,
				EFAE41A320F9505600621B0B /* ImagePageViewController.swift */,
				EFAE41A020F94E6B00621B0B /* ImageViewController.swift */,
				EF8E1F0A20FD2E0200E6DCB9 /* ImageViewModel.swift */,
			);
			path = Image;
			sourceTree = "<group>";
		};
		EFB2028B213978D500CFD3F1 /* Detail */ = {
			isa = PBXGroup;
			children = (
				EF943CBB212F25E5005E8B9E /* SearchDetailViewController.swift */,
				EFB201F621347F2D00CFD3F1 /* SearchDetailListViewController.swift */,
			);
			path = Detail;
			sourceTree = "<group>";
		};
		EFB2028F21398D1200CFD3F1 /* Present */ = {
			isa = PBXGroup;
			children = (
				EFB202A921399E2300CFD3F1 /* Models */,
				EF943CC6212F2683005E8B9E /* SearchDetailPresentAnimationController.swift */,
				EF943CCE21305DED005E8B9E /* SearchDetailPresentTransitionView.swift */,
				EF943CCC21305C9A005E8B9E /* SearchDetailPresentTransitionView.xib */,
			);
			path = Present;
			sourceTree = "<group>";
		};
		EFB2029021398E9700CFD3F1 /* Application */ = {
			isa = PBXGroup;
			children = (
				EF32AD4020F4F06C004EEB34 /* AppDelegate.swift */,
				EF32AD4A20F4F06F004EEB34 /* Assets.xcassets */,
				EF32AD4420F4F06C004EEB34 /* Main.storyboard */,
				EF32AD4C20F4F06F004EEB34 /* LaunchScreen.storyboard */,
			);
			path = Application;
			sourceTree = "<group>";
		};
		EFB202A921399E2300CFD3F1 /* Models */ = {
			isa = PBXGroup;
			children = (
				EFB202AA21399E3500CFD3F1 /* SearchDetailPresentTransitionViewModel.swift */,
			);
			path = Models;
			sourceTree = "<group>";
		};
		EFB202AC2139BD4700CFD3F1 /* Dismiss */ = {
			isa = PBXGroup;
			children = (
				EFB202AD2139BD6B00CFD3F1 /* SearchDetailDismissAnimationController.swift */,
			);
			path = Dismiss;
			sourceTree = "<group>";
		};
		EFB202AF213EDB5D00CFD3F1 /* Interaction */ = {
			isa = PBXGroup;
			children = (
				EFB202B0213EDB7A00CFD3F1 /* SearchSwipeDismissInteractionController.swift */,
			);
			path = Interaction;
			sourceTree = "<group>";
		};
		EFDE580720FFBB5800839E36 /* Launch */ = {
			isa = PBXGroup;
			children = (
				EFDE580820FFBB7200839E36 /* LaunchViewController.swift */,
			);
			path = Launch;
			sourceTree = "<group>";
		};
		EFDE581020FFCD8200839E36 /* Twitter Models */ = {
			isa = PBXGroup;
			children = (
				EFDE580E20FFCD5D00839E36 /* Twitter.swift */,
				EFDE581120FFCDD300839E36 /* TwitterTally.swift */,
			);
			path = "Twitter Models";
			sourceTree = "<group>";
		};
/* End PBXGroup section */

/* Begin PBXHeadersBuildPhase section */
		EF32AD6320F4F80F004EEB34 /* Headers */ = {
			isa = PBXHeadersBuildPhase;
			buildActionMask = 2147483647;
			files = (
				EF32AD6A20F4F80F004EEB34 /* ProjectXCore.h in Headers */,
			);
			runOnlyForDeploymentPostprocessing = 0;
		};
/* End PBXHeadersBuildPhase section */

/* Begin PBXNativeTarget section */
		EF32AD3C20F4F06C004EEB34 /* ProjectX */ = {
			isa = PBXNativeTarget;
			buildConfigurationList = EF32AD5220F4F06F004EEB34 /* Build configuration list for PBXNativeTarget "ProjectX" */;
			buildPhases = (
				EF32AD3920F4F06C004EEB34 /* Sources */,
				EF32AD3A20F4F06C004EEB34 /* Frameworks */,
				EF32AD3B20F4F06C004EEB34 /* Resources */,
				EF32AD5520F4F306004EEB34 /* ShellScript */,
				EF32AD7220F4F80F004EEB34 /* Embed Frameworks */,
			);
			buildRules = (
			);
			dependencies = (
				EF32AD6C20F4F80F004EEB34 /* PBXTargetDependency */,
				EF3ABF5A211DD511007594E7 /* PBXTargetDependency */,
				EF3ABFBE211F6EF1007594E7 /* PBXTargetDependency */,
			);
			name = ProjectX;
			productName = ProjectX;
			productReference = EF32AD3D20F4F06C004EEB34 /* ProjectX.app */;
			productType = "com.apple.product-type.application";
		};
		EF32AD6520F4F80F004EEB34 /* ProjectXCore */ = {
			isa = PBXNativeTarget;
			buildConfigurationList = EF32AD6F20F4F80F004EEB34 /* Build configuration list for PBXNativeTarget "ProjectXCore" */;
			buildPhases = (
				EF32AD6120F4F80F004EEB34 /* Sources */,
				EF32AD6220F4F80F004EEB34 /* Frameworks */,
				EF32AD6320F4F80F004EEB34 /* Headers */,
				EF32AD6420F4F80F004EEB34 /* Resources */,
			);
			buildRules = (
			);
			dependencies = (
			);
			name = ProjectXCore;
			productName = ProjectXCore;
			productReference = EF32AD6620F4F80F004EEB34 /* ProjectXCore.framework */;
			productType = "com.apple.product-type.framework";
		};
/* End PBXNativeTarget section */

/* Begin PBXProject section */
		EF32AD3520F4F06C004EEB34 /* Project object */ = {
			isa = PBXProject;
			attributes = {
				LastSwiftUpdateCheck = 0940;
				LastUpgradeCheck = 0940;
				ORGANIZATIONNAME = AmTrust;
				TargetAttributes = {
					EF32AD3C20F4F06C004EEB34 = {
						CreatedOnToolsVersion = 9.4.1;
						LastSwiftMigration = 0940;
					};
					EF32AD6520F4F80F004EEB34 = {
						CreatedOnToolsVersion = 9.4.1;
						LastSwiftMigration = 0940;
					};
				};
			};
			buildConfigurationList = EF32AD3820F4F06C004EEB34 /* Build configuration list for PBXProject "ProjectX" */;
			compatibilityVersion = "Xcode 9.3";
			developmentRegion = en;
			hasScannedForEncodings = 0;
			knownRegions = (
				en,
				Base,
			);
			mainGroup = EF32AD3420F4F06C004EEB34;
			productRefGroup = EF32AD3E20F4F06C004EEB34 /* Products */;
			projectDirPath = "";
			projectReferences = (
				{
					ProductGroup = EF3ABFAF211F6EB8007594E7 /* Products */;
					ProjectRef = EF3ABFAE211F6EB8007594E7 /* SwiftyGif.xcodeproj */;
				},
				{
					ProductGroup = EF3ABF40211DD4ED007594E7 /* Products */;
					ProjectRef = EF3ABF3F211DD4ED007594E7 /* SWXMLHash.xcodeproj */;
				},
			);
			projectRoot = "";
			targets = (
				EF32AD3C20F4F06C004EEB34 /* ProjectX */,
				EF32AD6520F4F80F004EEB34 /* ProjectXCore */,
			);
		};
/* End PBXProject section */

/* Begin PBXReferenceProxy section */
		EF3ABF4A211DD4ED007594E7 /* SWXMLHash.framework */ = {
			isa = PBXReferenceProxy;
			fileType = wrapper.framework;
			path = SWXMLHash.framework;
			remoteRef = EF3ABF49211DD4ED007594E7 /* PBXContainerItemProxy */;
			sourceTree = BUILT_PRODUCTS_DIR;
		};
		EF3ABF4C211DD4ED007594E7 /* SWXMLHash iOS Tests.xctest */ = {
			isa = PBXReferenceProxy;
			fileType = wrapper.cfbundle;
			path = "SWXMLHash iOS Tests.xctest";
			remoteRef = EF3ABF4B211DD4ED007594E7 /* PBXContainerItemProxy */;
			sourceTree = BUILT_PRODUCTS_DIR;
		};
		EF3ABF4E211DD4ED007594E7 /* SWXMLHash.framework */ = {
			isa = PBXReferenceProxy;
			fileType = wrapper.framework;
			path = SWXMLHash.framework;
			remoteRef = EF3ABF4D211DD4ED007594E7 /* PBXContainerItemProxy */;
			sourceTree = BUILT_PRODUCTS_DIR;
		};
		EF3ABF50211DD4ED007594E7 /* SWXMLHash OSX Tests.xctest */ = {
			isa = PBXReferenceProxy;
			fileType = wrapper.cfbundle;
			path = "SWXMLHash OSX Tests.xctest";
			remoteRef = EF3ABF4F211DD4ED007594E7 /* PBXContainerItemProxy */;
			sourceTree = BUILT_PRODUCTS_DIR;
		};
		EF3ABF52211DD4ED007594E7 /* SWXMLHash.framework */ = {
			isa = PBXReferenceProxy;
			fileType = wrapper.framework;
			path = SWXMLHash.framework;
			remoteRef = EF3ABF51211DD4ED007594E7 /* PBXContainerItemProxy */;
			sourceTree = BUILT_PRODUCTS_DIR;
		};
		EF3ABF54211DD4ED007594E7 /* SWXMLHash tvOS Tests.xctest */ = {
			isa = PBXReferenceProxy;
			fileType = wrapper.cfbundle;
			path = "SWXMLHash tvOS Tests.xctest";
			remoteRef = EF3ABF53211DD4ED007594E7 /* PBXContainerItemProxy */;
			sourceTree = BUILT_PRODUCTS_DIR;
		};
		EF3ABF56211DD4ED007594E7 /* SWXMLHash.framework */ = {
			isa = PBXReferenceProxy;
			fileType = wrapper.framework;
			path = SWXMLHash.framework;
			remoteRef = EF3ABF55211DD4ED007594E7 /* PBXContainerItemProxy */;
			sourceTree = BUILT_PRODUCTS_DIR;
		};
		EF3ABFB5211F6EB8007594E7 /* SwiftyGifExample.app */ = {
			isa = PBXReferenceProxy;
			fileType = wrapper.application;
			path = SwiftyGifExample.app;
			remoteRef = EF3ABFB4211F6EB8007594E7 /* PBXContainerItemProxy */;
			sourceTree = BUILT_PRODUCTS_DIR;
		};
		EF3ABFB7211F6EB8007594E7 /* SwiftyGifTests.xctest */ = {
			isa = PBXReferenceProxy;
			fileType = wrapper.cfbundle;
			path = SwiftyGifTests.xctest;
			remoteRef = EF3ABFB6211F6EB8007594E7 /* PBXContainerItemProxy */;
			sourceTree = BUILT_PRODUCTS_DIR;
		};
		EF3ABFB9211F6EB8007594E7 /* SwiftyGif.framework */ = {
			isa = PBXReferenceProxy;
			fileType = wrapper.framework;
			path = SwiftyGif.framework;
			remoteRef = EF3ABFB8211F6EB8007594E7 /* PBXContainerItemProxy */;
			sourceTree = BUILT_PRODUCTS_DIR;
		};
/* End PBXReferenceProxy section */

/* Begin PBXResourcesBuildPhase section */
		EF32AD3B20F4F06C004EEB34 /* Resources */ = {
			isa = PBXResourcesBuildPhase;
			buildActionMask = 2147483647;
			files = (
				EF32AD9F20F7CD58004EEB34 /* CustomTabBar.xib in Resources */,
				EFAE418C20F939DF00621B0B /* TwitterView.xib in Resources */,
				EF32AD4E20F4F06F004EEB34 /* LaunchScreen.storyboard in Resources */,
				EF32AD4B20F4F06F004EEB34 /* Assets.xcassets in Resources */,
				EFB2029221398F6500CFD3F1 /* Cloud.storyboard in Resources */,
				EF3ABF23211C83E6007594E7 /* List.storyboard in Resources */,
				EFB202962139905600CFD3F1 /* Message.storyboard in Resources */,
				EFB2029421398FE300CFD3F1 /* Notification.storyboard in Resources */,
				EF32AD4620F4F06C004EEB34 /* Main.storyboard in Resources */,
				EFB20287213972C400CFD3F1 /* Search.storyboard in Resources */,
				EF943CCD21305C9A005E8B9E /* SearchDetailPresentTransitionView.xib in Resources */,
				EFB2028A2139750E00CFD3F1 /* Image.storyboard in Resources */,
			);
			runOnlyForDeploymentPostprocessing = 0;
		};
		EF32AD6420F4F80F004EEB34 /* Resources */ = {
			isa = PBXResourcesBuildPhase;
			buildActionMask = 2147483647;
			files = (
			);
			runOnlyForDeploymentPostprocessing = 0;
		};
/* End PBXResourcesBuildPhase section */

/* Begin PBXShellScriptBuildPhase section */
		EF32AD5520F4F306004EEB34 /* ShellScript */ = {
			isa = PBXShellScriptBuildPhase;
			buildActionMask = 2147483647;
			files = (
			);
			inputPaths = (
				"$(SRCROOT)/Carthage/Build/iOS/Alamofire.framework",
				"$(SRCROOT)/Carthage/Build/iOS/PromiseKit.framework",
			);
			outputPaths = (
				"$(BUILT_PRODUCTS_DIR)/$(FRAMEWORKS_FOLDER_PATH)/Alamofire.framework",
				"$(BUILT_PRODUCTS_DIR)/$(FRAMEWORKS_FOLDER_PATH)/PromiseKit.framework",
			);
			runOnlyForDeploymentPostprocessing = 0;
			shellPath = /bin/sh;
			shellScript = "/usr/local/bin/carthage copy-frameworks";
		};
/* End PBXShellScriptBuildPhase section */

/* Begin PBXSourcesBuildPhase section */
		EF32AD3920F4F06C004EEB34 /* Sources */ = {
			isa = PBXSourcesBuildPhase;
			buildActionMask = 2147483647;
			files = (
				EFB202AB21399E3500CFD3F1 /* SearchDetailPresentTransitionViewModel.swift in Sources */,
				EFAE418220F9097600621B0B /* Examples.swift in Sources */,
				EFAE418820F9162E00621B0B /* Array+Extensions.swift in Sources */,
				EFB2029A213991B900CFD3F1 /* NotificationViewController.swift in Sources */,
				EFAE417F20F8EDBC00621B0B /* UIView+Blur.swift in Sources */,
				EFAE418F20F93BBD00621B0B /* TwitterView.swift in Sources */,
				EFDE580620FFB95900839E36 /* Notification.Name+Extensions.swift in Sources */,
				EF32AD4320F4F06C004EEB34 /* SearchViewController.swift in Sources */,
				EF32ADA120F7D2C9004EEB34 /* CustomTabBar.swift in Sources */,
				EF8E1F0D20FD402700E6DCB9 /* StateManager.swift in Sources */,
				EFAE41AE20FCEDFB00621B0B /* UIView+Extensions.swift in Sources */,
				EF943CC7212F2683005E8B9E /* SearchDetailPresentAnimationController.swift in Sources */,
				EFAE41A120F94E6B00621B0B /* ImageViewController.swift in Sources */,
				EFAE418620F9156400621B0B /* UIButton+Extensions.swift in Sources */,
				EFDE580B20FFBC7800839E36 /* Constants.swift in Sources */,
				EFB2029C213991DF00CFD3F1 /* CloudViewController.swift in Sources */,
				EF943CCF21305DED005E8B9E /* SearchDetailPresentTransitionView.swift in Sources */,
				EFDE580920FFBB7200839E36 /* LaunchViewController.swift in Sources */,
				EF32AD9D20F7A776004EEB34 /* HomeTabBarViewController.swift in Sources */,
				EFB202B1213EDB7A00CFD3F1 /* SearchSwipeDismissInteractionController.swift in Sources */,
				EF32AD4120F4F06C004EEB34 /* AppDelegate.swift in Sources */,
				EF3ABF2B211C85DD007594E7 /* ListViewModel.swift in Sources */,
				EF3ABF25211C83F6007594E7 /* ListViewController.swift in Sources */,
				EF3ABFF02122F846007594E7 /* ListController.swift in Sources */,
				EFB202AE2139BD6B00CFD3F1 /* SearchDetailDismissAnimationController.swift in Sources */,
				EFDE580D20FFC3B100839E36 /* UIImage+Extensions.swift in Sources */,
				EFAE418420F9122300621B0B /* UIImageView+Extensions.swift in Sources */,
				EFAE41B020FCEE1B00621B0B /* String+Extensions.swift in Sources */,
				EF8E1F0B20FD2E0200E6DCB9 /* ImageViewModel.swift in Sources */,
				EFAE419120F9401800621B0B /* XibView.swift in Sources */,
				EFB202982139917600CFD3F1 /* MessageViewController.swift in Sources */,
				EFB201F721347F2D00CFD3F1 /* SearchDetailListViewController.swift in Sources */,
				EF943CBC212F25E5005E8B9E /* SearchDetailViewController.swift in Sources */,
				EF3ABF27211C8519007594E7 /* ListCell.swift in Sources */,
				EF32AD4920F4F06C004EEB34 /* ProjectX.xcdatamodeld in Sources */,
				EFAE41A420F9505600621B0B /* ImagePageViewController.swift in Sources */,
			);
			runOnlyForDeploymentPostprocessing = 0;
		};
		EF32AD6120F4F80F004EEB34 /* Sources */ = {
			isa = PBXSourcesBuildPhase;
			buildActionMask = 2147483647;
			files = (
				EF32AD9720F51505004EEB34 /* UserGetterInteractor.swift in Sources */,
				EF3ABF6B211DDAED007594E7 /* CatInteractor.swift in Sources */,
				EF32AD8E20F51357004EEB34 /* Gender.swift in Sources */,
				EF3ABFFC212300FC007594E7 /* ImageError.swift in Sources */,
				EFDE581220FFCDD300839E36 /* TwitterTally.swift in Sources */,
				EF3ABFAA211E2AA2007594E7 /* JSONError.swift in Sources */,
				EF3ABF91211DF84C007594E7 /* CatImage.swift in Sources */,
				EF3ABF5E211DD639007594E7 /* CatsAPI.swift in Sources */,
				EF3ABFA8211E2A80007594E7 /* XMLError.swift in Sources */,
				EF32AD8C20F4FFE9004EEB34 /* User.swift in Sources */,
				EF32AD7A20F4F8D7004EEB34 /* RandomAPI.swift in Sources */,
				EF3ABF8F211DF800007594E7 /* Cat.swift in Sources */,
				EF32AD7E20F4FD19004EEB34 /* HTTPHeaderField.swift in Sources */,
				EF32AD9220F51364004EEB34 /* Picture.swift in Sources */,
				EF3ABFA5211E2A47007594E7 /* ImageExtension.swift in Sources */,
				EF32AD9A20F5160C004EEB34 /* Alamofire+Promise.swift in Sources */,
				EF3ABFFF21230923007594E7 /* Aliases.swift in Sources */,
				EF3ABF68211DD9F2007594E7 /* CatService.swift in Sources */,
				EF3ABFAD211E2ACD007594E7 /* XMLResult.swift in Sources */,
				EFDE580F20FFCD5D00839E36 /* Twitter.swift in Sources */,
				EF3ABFA1211E2622007594E7 /* UIImage+Gif.swift in Sources */,
				EF32AD7C20F4FD0E004EEB34 /* ContentType.swift in Sources */,
				EF32AD8220F4FEDF004EEB34 /* Routable.swift in Sources */,
				EF32AD9020F5135E004EEB34 /* Address.swift in Sources */,
				EF3ABFFA2123007D007594E7 /* ImageResult.swift in Sources */,
				EF32AD9420F51494004EEB34 /* UserGetter.swift in Sources */,
			);
			runOnlyForDeploymentPostprocessing = 0;
		};
/* End PBXSourcesBuildPhase section */

/* Begin PBXTargetDependency section */
		EF32AD6C20F4F80F004EEB34 /* PBXTargetDependency */ = {
			isa = PBXTargetDependency;
			target = EF32AD6520F4F80F004EEB34 /* ProjectXCore */;
			targetProxy = EF32AD6B20F4F80F004EEB34 /* PBXContainerItemProxy */;
		};
		EF3ABF5A211DD511007594E7 /* PBXTargetDependency */ = {
			isa = PBXTargetDependency;
			name = "SWXMLHash iOS";
			targetProxy = EF3ABF59211DD511007594E7 /* PBXContainerItemProxy */;
		};
		EF3ABFBE211F6EF1007594E7 /* PBXTargetDependency */ = {
			isa = PBXTargetDependency;
			name = SwiftyGif;
			targetProxy = EF3ABFBD211F6EF1007594E7 /* PBXContainerItemProxy */;
		};
/* End PBXTargetDependency section */

/* Begin PBXVariantGroup section */
		EF32AD4420F4F06C004EEB34 /* Main.storyboard */ = {
			isa = PBXVariantGroup;
			children = (
				EF32AD4520F4F06C004EEB34 /* Base */,
			);
			name = Main.storyboard;
			sourceTree = "<group>";
		};
		EF32AD4C20F4F06F004EEB34 /* LaunchScreen.storyboard */ = {
			isa = PBXVariantGroup;
			children = (
				EF32AD4D20F4F06F004EEB34 /* Base */,
			);
			name = LaunchScreen.storyboard;
			sourceTree = "<group>";
		};
/* End PBXVariantGroup section */

/* Begin XCBuildConfiguration section */
		EF32AD5020F4F06F004EEB34 /* Debug */ = {
			isa = XCBuildConfiguration;
			buildSettings = {
				ALWAYS_SEARCH_USER_PATHS = NO;
				CLANG_ANALYZER_NONNULL = YES;
				CLANG_ANALYZER_NUMBER_OBJECT_CONVERSION = YES_AGGRESSIVE;
				CLANG_CXX_LANGUAGE_STANDARD = "gnu++14";
				CLANG_CXX_LIBRARY = "libc++";
				CLANG_ENABLE_MODULES = YES;
				CLANG_ENABLE_OBJC_ARC = YES;
				CLANG_ENABLE_OBJC_WEAK = YES;
				CLANG_WARN_BLOCK_CAPTURE_AUTORELEASING = YES;
				CLANG_WARN_BOOL_CONVERSION = YES;
				CLANG_WARN_COMMA = YES;
				CLANG_WARN_CONSTANT_CONVERSION = YES;
				CLANG_WARN_DEPRECATED_OBJC_IMPLEMENTATIONS = YES;
				CLANG_WARN_DIRECT_OBJC_ISA_USAGE = YES_ERROR;
				CLANG_WARN_DOCUMENTATION_COMMENTS = YES;
				CLANG_WARN_EMPTY_BODY = YES;
				CLANG_WARN_ENUM_CONVERSION = YES;
				CLANG_WARN_INFINITE_RECURSION = YES;
				CLANG_WARN_INT_CONVERSION = YES;
				CLANG_WARN_NON_LITERAL_NULL_CONVERSION = YES;
				CLANG_WARN_OBJC_IMPLICIT_RETAIN_SELF = YES;
				CLANG_WARN_OBJC_LITERAL_CONVERSION = YES;
				CLANG_WARN_OBJC_ROOT_CLASS = YES_ERROR;
				CLANG_WARN_RANGE_LOOP_ANALYSIS = YES;
				CLANG_WARN_STRICT_PROTOTYPES = YES;
				CLANG_WARN_SUSPICIOUS_MOVE = YES;
				CLANG_WARN_UNGUARDED_AVAILABILITY = YES_AGGRESSIVE;
				CLANG_WARN_UNREACHABLE_CODE = YES;
				CLANG_WARN__DUPLICATE_METHOD_MATCH = YES;
				CODE_SIGN_IDENTITY = "iPhone Developer";
				COPY_PHASE_STRIP = NO;
				DEBUG_INFORMATION_FORMAT = dwarf;
				ENABLE_STRICT_OBJC_MSGSEND = YES;
				ENABLE_TESTABILITY = YES;
				GCC_C_LANGUAGE_STANDARD = gnu11;
				GCC_DYNAMIC_NO_PIC = NO;
				GCC_NO_COMMON_BLOCKS = YES;
				GCC_OPTIMIZATION_LEVEL = 0;
				GCC_PREPROCESSOR_DEFINITIONS = (
					"DEBUG=1",
					"$(inherited)",
				);
				GCC_WARN_64_TO_32_BIT_CONVERSION = YES;
				GCC_WARN_ABOUT_RETURN_TYPE = YES_ERROR;
				GCC_WARN_UNDECLARED_SELECTOR = YES;
				GCC_WARN_UNINITIALIZED_AUTOS = YES_AGGRESSIVE;
				GCC_WARN_UNUSED_FUNCTION = YES;
				GCC_WARN_UNUSED_VARIABLE = YES;
				IPHONEOS_DEPLOYMENT_TARGET = 11.0;
				MTL_ENABLE_DEBUG_INFO = YES;
				ONLY_ACTIVE_ARCH = YES;
				SDKROOT = iphoneos;
				SWIFT_ACTIVE_COMPILATION_CONDITIONS = DEBUG;
				SWIFT_OPTIMIZATION_LEVEL = "-Onone";
			};
			name = Debug;
		};
		EF32AD5120F4F06F004EEB34 /* Release */ = {
			isa = XCBuildConfiguration;
			buildSettings = {
				ALWAYS_SEARCH_USER_PATHS = NO;
				CLANG_ANALYZER_NONNULL = YES;
				CLANG_ANALYZER_NUMBER_OBJECT_CONVERSION = YES_AGGRESSIVE;
				CLANG_CXX_LANGUAGE_STANDARD = "gnu++14";
				CLANG_CXX_LIBRARY = "libc++";
				CLANG_ENABLE_MODULES = YES;
				CLANG_ENABLE_OBJC_ARC = YES;
				CLANG_ENABLE_OBJC_WEAK = YES;
				CLANG_WARN_BLOCK_CAPTURE_AUTORELEASING = YES;
				CLANG_WARN_BOOL_CONVERSION = YES;
				CLANG_WARN_COMMA = YES;
				CLANG_WARN_CONSTANT_CONVERSION = YES;
				CLANG_WARN_DEPRECATED_OBJC_IMPLEMENTATIONS = YES;
				CLANG_WARN_DIRECT_OBJC_ISA_USAGE = YES_ERROR;
				CLANG_WARN_DOCUMENTATION_COMMENTS = YES;
				CLANG_WARN_EMPTY_BODY = YES;
				CLANG_WARN_ENUM_CONVERSION = YES;
				CLANG_WARN_INFINITE_RECURSION = YES;
				CLANG_WARN_INT_CONVERSION = YES;
				CLANG_WARN_NON_LITERAL_NULL_CONVERSION = YES;
				CLANG_WARN_OBJC_IMPLICIT_RETAIN_SELF = YES;
				CLANG_WARN_OBJC_LITERAL_CONVERSION = YES;
				CLANG_WARN_OBJC_ROOT_CLASS = YES_ERROR;
				CLANG_WARN_RANGE_LOOP_ANALYSIS = YES;
				CLANG_WARN_STRICT_PROTOTYPES = YES;
				CLANG_WARN_SUSPICIOUS_MOVE = YES;
				CLANG_WARN_UNGUARDED_AVAILABILITY = YES_AGGRESSIVE;
				CLANG_WARN_UNREACHABLE_CODE = YES;
				CLANG_WARN__DUPLICATE_METHOD_MATCH = YES;
				CODE_SIGN_IDENTITY = "iPhone Developer";
				COPY_PHASE_STRIP = NO;
				DEBUG_INFORMATION_FORMAT = "dwarf-with-dsym";
				ENABLE_NS_ASSERTIONS = NO;
				ENABLE_STRICT_OBJC_MSGSEND = YES;
				GCC_C_LANGUAGE_STANDARD = gnu11;
				GCC_NO_COMMON_BLOCKS = YES;
				GCC_WARN_64_TO_32_BIT_CONVERSION = YES;
				GCC_WARN_ABOUT_RETURN_TYPE = YES_ERROR;
				GCC_WARN_UNDECLARED_SELECTOR = YES;
				GCC_WARN_UNINITIALIZED_AUTOS = YES_AGGRESSIVE;
				GCC_WARN_UNUSED_FUNCTION = YES;
				GCC_WARN_UNUSED_VARIABLE = YES;
				IPHONEOS_DEPLOYMENT_TARGET = 11.0;
				MTL_ENABLE_DEBUG_INFO = NO;
				SDKROOT = iphoneos;
				SWIFT_COMPILATION_MODE = wholemodule;
				SWIFT_OPTIMIZATION_LEVEL = "-O";
				VALIDATE_PRODUCT = YES;
			};
			name = Release;
		};
		EF32AD5320F4F06F004EEB34 /* Debug */ = {
			isa = XCBuildConfiguration;
			buildSettings = {
				ALWAYS_EMBED_SWIFT_STANDARD_LIBRARIES = YES;
				ASSETCATALOG_COMPILER_APPICON_NAME = AppIcon;
				CODE_SIGN_STYLE = Automatic;
				DEVELOPMENT_TEAM = RZBRV8AA8B;
				FRAMEWORK_SEARCH_PATHS = (
					"$(inherited)",
					"$(PROJECT_DIR)/Carthage/Build/iOS",
				);
				INFOPLIST_FILE = ProjectX/Info.plist;
				IPHONEOS_DEPLOYMENT_TARGET = 11.0;
				LD_RUNPATH_SEARCH_PATHS = (
					"$(inherited)",
					"@executable_path/Frameworks",
				);
				PRODUCT_BUNDLE_IDENTIFIER = com.BruceColby.ProjectX;
				PRODUCT_NAME = "$(TARGET_NAME)";
				SWIFT_VERSION = 4.0;
				TARGETED_DEVICE_FAMILY = 1;
			};
			name = Debug;
		};
		EF32AD5420F4F06F004EEB34 /* Release */ = {
			isa = XCBuildConfiguration;
			buildSettings = {
				ALWAYS_EMBED_SWIFT_STANDARD_LIBRARIES = YES;
				ASSETCATALOG_COMPILER_APPICON_NAME = AppIcon;
				CODE_SIGN_STYLE = Automatic;
				DEVELOPMENT_TEAM = RZBRV8AA8B;
				FRAMEWORK_SEARCH_PATHS = (
					"$(inherited)",
					"$(PROJECT_DIR)/Carthage/Build/iOS",
				);
				INFOPLIST_FILE = ProjectX/Info.plist;
				IPHONEOS_DEPLOYMENT_TARGET = 11.0;
				LD_RUNPATH_SEARCH_PATHS = (
					"$(inherited)",
					"@executable_path/Frameworks",
				);
				PRODUCT_BUNDLE_IDENTIFIER = com.BruceColby.ProjectX;
				PRODUCT_NAME = "$(TARGET_NAME)";
				SWIFT_VERSION = 4.0;
				TARGETED_DEVICE_FAMILY = 1;
			};
			name = Release;
		};
		EF32AD7020F4F80F004EEB34 /* Debug */ = {
			isa = XCBuildConfiguration;
			buildSettings = {
				CLANG_ENABLE_MODULES = YES;
				CODE_SIGN_IDENTITY = "";
				CODE_SIGN_STYLE = Automatic;
				CURRENT_PROJECT_VERSION = 1;
				DEFINES_MODULE = YES;
				DEVELOPMENT_TEAM = RZBRV8AA8B;
				DYLIB_COMPATIBILITY_VERSION = 1;
				DYLIB_CURRENT_VERSION = 1;
				DYLIB_INSTALL_NAME_BASE = "@rpath";
				FRAMEWORK_SEARCH_PATHS = (
					"$(inherited)",
					"$(PROJECT_DIR)/Carthage/Build/iOS",
				);
				INFOPLIST_FILE = ProjectXCore/Info.plist;
				INSTALL_PATH = "$(LOCAL_LIBRARY_DIR)/Frameworks";
				IPHONEOS_DEPLOYMENT_TARGET = 11.0;
				LD_RUNPATH_SEARCH_PATHS = (
					"$(inherited)",
					"@executable_path/Frameworks",
					"@loader_path/Frameworks",
				);
				PRODUCT_BUNDLE_IDENTIFIER = com.BruceColby.ProjectXCore;
				PRODUCT_NAME = "$(TARGET_NAME:c99extidentifier)";
				SKIP_INSTALL = YES;
				SWIFT_OPTIMIZATION_LEVEL = "-Onone";
				SWIFT_VERSION = 4.0;
				TARGETED_DEVICE_FAMILY = "1,2";
				VERSIONING_SYSTEM = "apple-generic";
				VERSION_INFO_PREFIX = "";
			};
			name = Debug;
		};
		EF32AD7120F4F80F004EEB34 /* Release */ = {
			isa = XCBuildConfiguration;
			buildSettings = {
				CLANG_ENABLE_MODULES = YES;
				CODE_SIGN_IDENTITY = "";
				CODE_SIGN_STYLE = Automatic;
				CURRENT_PROJECT_VERSION = 1;
				DEFINES_MODULE = YES;
				DEVELOPMENT_TEAM = RZBRV8AA8B;
				DYLIB_COMPATIBILITY_VERSION = 1;
				DYLIB_CURRENT_VERSION = 1;
				DYLIB_INSTALL_NAME_BASE = "@rpath";
				FRAMEWORK_SEARCH_PATHS = (
					"$(inherited)",
					"$(PROJECT_DIR)/Carthage/Build/iOS",
				);
				INFOPLIST_FILE = ProjectXCore/Info.plist;
				INSTALL_PATH = "$(LOCAL_LIBRARY_DIR)/Frameworks";
				IPHONEOS_DEPLOYMENT_TARGET = 11.0;
				LD_RUNPATH_SEARCH_PATHS = (
					"$(inherited)",
					"@executable_path/Frameworks",
					"@loader_path/Frameworks",
				);
				PRODUCT_BUNDLE_IDENTIFIER = com.BruceColby.ProjectXCore;
				PRODUCT_NAME = "$(TARGET_NAME:c99extidentifier)";
				SKIP_INSTALL = YES;
				SWIFT_VERSION = 4.0;
				TARGETED_DEVICE_FAMILY = "1,2";
				VERSIONING_SYSTEM = "apple-generic";
				VERSION_INFO_PREFIX = "";
			};
			name = Release;
		};
/* End XCBuildConfiguration section */

/* Begin XCConfigurationList section */
		EF32AD3820F4F06C004EEB34 /* Build configuration list for PBXProject "ProjectX" */ = {
			isa = XCConfigurationList;
			buildConfigurations = (
				EF32AD5020F4F06F004EEB34 /* Debug */,
				EF32AD5120F4F06F004EEB34 /* Release */,
			);
			defaultConfigurationIsVisible = 0;
			defaultConfigurationName = Release;
		};
		EF32AD5220F4F06F004EEB34 /* Build configuration list for PBXNativeTarget "ProjectX" */ = {
			isa = XCConfigurationList;
			buildConfigurations = (
				EF32AD5320F4F06F004EEB34 /* Debug */,
				EF32AD5420F4F06F004EEB34 /* Release */,
			);
			defaultConfigurationIsVisible = 0;
			defaultConfigurationName = Release;
		};
		EF32AD6F20F4F80F004EEB34 /* Build configuration list for PBXNativeTarget "ProjectXCore" */ = {
			isa = XCConfigurationList;
			buildConfigurations = (
				EF32AD7020F4F80F004EEB34 /* Debug */,
				EF32AD7120F4F80F004EEB34 /* Release */,
			);
			defaultConfigurationIsVisible = 0;
			defaultConfigurationName = Release;
		};
/* End XCConfigurationList section */

/* Begin XCVersionGroup section */
		EF32AD4720F4F06C004EEB34 /* ProjectX.xcdatamodeld */ = {
			isa = XCVersionGroup;
			children = (
				EF32AD4820F4F06C004EEB34 /* ProjectX.xcdatamodel */,
			);
			currentVersion = EF32AD4820F4F06C004EEB34 /* ProjectX.xcdatamodel */;
			path = ProjectX.xcdatamodeld;
			sourceTree = "<group>";
			versionGroupType = wrapper.xcdatamodel;
		};
/* End XCVersionGroup section */
	};
	rootObject = EF32AD3520F4F06C004EEB34 /* Project object */;
}
